// !$*UTF8*$!
{
	archiveVersion = 1;
	classes = {
	};
	objectVersion = 63;
	objects = {

/* Begin PBXBuildFile section */
		08D424AB6D10A7D0FFC84298 /* LibraryViewModel.swift in Sources */ = {isa = PBXBuildFile; fileRef = C6F551276552734A28EBBE5C /* LibraryViewModel.swift */; };
		0D354572EC1596F8274EC250 /* APIClient.swift in Sources */ = {isa = PBXBuildFile; fileRef = 4F278722EE03C1A58BC2E7CE /* APIClient.swift */; };
		0E5CBAEAF8911CA7EFE00BC2 /* AuthView.swift in Sources */ = {isa = PBXBuildFile; fileRef = 0FE933079EBBDCC0B2166476 /* AuthView.swift */; };
		134CF78CF2E9C16B957897CB /* ReadRiseTests.swift in Sources */ = {isa = PBXBuildFile; fileRef = 7263B4175FF2E3C2CA5A1B69 /* ReadRiseTests.swift */; };
		141FAAA7C80BADC27585F2EB /* BookSearchViewModel.swift in Sources */ = {isa = PBXBuildFile; fileRef = 4B135C339127F2318D266C7D /* BookSearchViewModel.swift */; };
		2DFA0F5D5F128F65B249EACF /* GoalsViewModel.swift in Sources */ = {isa = PBXBuildFile; fileRef = A36401AEE9324FC3215F181E /* GoalsViewModel.swift */; };
		3C09D195853580B5FF6A710D /* TimerService.swift in Sources */ = {isa = PBXBuildFile; fileRef = 5248FE0D1876483545E57B19 /* TimerService.swift */; };
		57FB6BE5BBD56E06C4FC1EE1 /* ReadRiseApp.swift in Sources */ = {isa = PBXBuildFile; fileRef = F46F53A347587387BD9FB014 /* ReadRiseApp.swift */; };
		73BDDEB559EB8454E13AA997 /* BookDetailViewModel.swift in Sources */ = {isa = PBXBuildFile; fileRef = FF28F448473C971C77BEA204 /* BookDetailViewModel.swift */; };
		755099EFE2EC983E0C68B2B5 /* Environment.swift in Sources */ = {isa = PBXBuildFile; fileRef = 6D1FDF1185ED2A10EB0FF8E8 /* Environment.swift */; };
		771E2EABC5803A8560B56674 /* Assets.xcassets in Resources */ = {isa = PBXBuildFile; fileRef = 1AE41FE7FF7F846AD888C7C5 /* Assets.xcassets */; };
		786356E622C65A89825FA42A /* AuthService.swift in Sources */ = {isa = PBXBuildFile; fileRef = 8BF91A600AC933C92DEDEEF1 /* AuthService.swift */; };
		79C12F70F76401F48F6D067C /* ProfileView.swift in Sources */ = {isa = PBXBuildFile; fileRef = 071475598D8942BBB64D634A /* ProfileView.swift */; };
		83039ABBAAFA4132999BA7FB /* Color+Hex.swift in Sources */ = {isa = PBXBuildFile; fileRef = E356E729B7D6437B838A1468 /* Color+Hex.swift */; };
		8DE210DED156426546D4C9CA /* RootView.swift in Sources */ = {isa = PBXBuildFile; fileRef = 541C8B4C4B64BECBF8DF75FF /* RootView.swift */; };
		A389B1213531B3172E32FBC5 /* Supabase in Frameworks */ = {isa = PBXBuildFile; productRef = 96410145F170529EE8DDFC51 /* Supabase */; };
		AA9B1C2D3E4F5A6B7C8D9E0F /* NetworkMonitor.swift in Sources */ = {isa = PBXBuildFile; fileRef = BB9B1C2D3E4F5A6B7C8D9E0F /* NetworkMonitor.swift */; };
		AC1234567890ABCDEF012345 /* AppCache.swift in Sources */ = {isa = PBXBuildFile; fileRef = BC1234567890ABCDEF012345 /* AppCache.swift */; };
		B10000000000000000000001 /* MockURLProtocol.swift in Sources */ = {isa = PBXBuildFile; fileRef = F10000000000000000000001 /* MockURLProtocol.swift */; };
		B10000000000000000000002 /* stats.json in Resources */ = {isa = PBXBuildFile; fileRef = F10000000000000000000002 /* stats.json */; };
		B10000000000000000000003 /* library.json in Resources */ = {isa = PBXBuildFile; fileRef = F10000000000000000000003 /* library.json */; };
		B10000000000000000000004 /* goals.json in Resources */ = {isa = PBXBuildFile; fileRef = F10000000000000000000004 /* goals.json */; };
		B10000000000000000000005 /* goal_created.json in Resources */ = {isa = PBXBuildFile; fileRef = F10000000000000000000005 /* goal_created.json */; };
		B10000000000000000000006 /* sessions.json in Resources */ = {isa = PBXBuildFile; fileRef = F10000000000000000000006 /* sessions.json */; };
		B10000000000000000000007 /* session_created.json in Resources */ = {isa = PBXBuildFile; fileRef = F10000000000000000000007 /* session_created.json */; };
		B10000000000000000000008 /* session_ended.json in Resources */ = {isa = PBXBuildFile; fileRef = F10000000000000000000008 /* session_ended.json */; };
		B10000000000000000000009 /* progress.json in Resources */ = {isa = PBXBuildFile; fileRef = F10000000000000000000009 /* progress.json */; };
		B1000000000000000000000A /* progress_entry.json in Resources */ = {isa = PBXBuildFile; fileRef = F1000000000000000000000A /* progress_entry.json */; };
		B1000000000000000000000B /* review.json in Resources */ = {isa = PBXBuildFile; fileRef = F1000000000000000000000B /* review.json */; };
		B1000000000000000000000C /* add_book_response.json in Resources */ = {isa = PBXBuildFile; fileRef = F1000000000000000000000C /* add_book_response.json */; };
		B1000000000000000000000D /* search_results.json in Resources */ = {isa = PBXBuildFile; fileRef = F1000000000000000000000D /* search_results.json */; };
		B1000000000000000000000E /* user_profile.json in Resources */ = {isa = PBXBuildFile; fileRef = F1000000000000000000000E /* user_profile.json */; };
		B20000000000000000000001 /* BaseUITest.swift in Sources */ = {isa = PBXBuildFile; fileRef = F20000000000000000000001 /* BaseUITest.swift */; };
		B20000000000000000000002 /* AuthUITests.swift in Sources */ = {isa = PBXBuildFile; fileRef = F20000000000000000000002 /* AuthUITests.swift */; };
		B20000000000000000000003 /* DashboardUITests.swift in Sources */ = {isa = PBXBuildFile; fileRef = F20000000000000000000003 /* DashboardUITests.swift */; };
		B20000000000000000000004 /* LibraryUITests.swift in Sources */ = {isa = PBXBuildFile; fileRef = F20000000000000000000004 /* LibraryUITests.swift */; };
		B20000000000000000000005 /* BookDetailUITests.swift in Sources */ = {isa = PBXBuildFile; fileRef = F20000000000000000000005 /* BookDetailUITests.swift */; };
		B20000000000000000000006 /* GoalsUITests.swift in Sources */ = {isa = PBXBuildFile; fileRef = F20000000000000000000006 /* GoalsUITests.swift */; };
		B20000000000000000000007 /* ProfileUITests.swift in Sources */ = {isa = PBXBuildFile; fileRef = F20000000000000000000007 /* ProfileUITests.swift */; };
		C58A8D80E78BAFCF7A08EF78 /* DashboardView.swift in Sources */ = {isa = PBXBuildFile; fileRef = A67ED065A09DA3AD1FF07437 /* DashboardView.swift */; };
		C58E09B4594FCF81774D3FE8 /* BookSearchView.swift in Sources */ = {isa = PBXBuildFile; fileRef = 057B4950B0DE28BB83DB41E2 /* BookSearchView.swift */; };
		CC938CD8693C029E6B2F94D6 /* BookDetailView.swift in Sources */ = {isa = PBXBuildFile; fileRef = 315DC34E27F6D16515685384 /* BookDetailView.swift */; };
		CFEA13373EC3D6BF3242CD36 /* GoalsView.swift in Sources */ = {isa = PBXBuildFile; fileRef = 252E059B0D6FA73640859381 /* GoalsView.swift */; };
		DD9A1B2C3E4F5A6B7C8D9E0F /* SplashView.swift in Sources */ = {isa = PBXBuildFile; fileRef = EE9A1B2C3E4F5A6B7C8D9E0F /* SplashView.swift */; };
		EF1D169B80F793985D6C7BD1 /* MainTabView.swift in Sources */ = {isa = PBXBuildFile; fileRef = 13D46C01007A77F7F4438293 /* MainTabView.swift */; };
		F4735B4DAF612E1C02D6FBC0 /* BarcodeScanView.swift in Sources */ = {isa = PBXBuildFile; fileRef = 3F780BC237AA1DCB780E7D62 /* BarcodeScanView.swift */; };
		F4DE243330926D3ECB733D45 /* Models.swift in Sources */ = {isa = PBXBuildFile; fileRef = 27BB52D42D13C26EA2652FCA /* Models.swift */; };
		FCB50471D30088A76ED8AC88 /* LibraryView.swift in Sources */ = {isa = PBXBuildFile; fileRef = F76EC5196782CA8BE5320EB2 /* LibraryView.swift */; };
		FE22EF8CFAA2CB2177CA347A /* DashboardViewModel.swift in Sources */ = {isa = PBXBuildFile; fileRef = D6C5C3FA25EA2B3F5A276633 /* DashboardViewModel.swift */; };
		FF1A2B3C4D5E6F7A8B9C0D1E /* Kingfisher in Frameworks */ = {isa = PBXBuildFile; productRef = FF2A2B3C4D5E6F7A8B9C0D1E /* Kingfisher */; };
/* End PBXBuildFile section */

/* Begin PBXContainerItemProxy section */
		D8DF0B18A22516D82EED955C /* PBXContainerItemProxy */ = {
			isa = PBXContainerItemProxy;
			containerPortal = 244D37332B44DAC3BC5069E2 /* Project object */;
			proxyType = 1;
			remoteGlobalIDString = 0B519B15019015B96F25DAD5;
			remoteInfo = ReadRise;
		};
		T10000000000000000000003 /* PBXContainerItemProxy */ = {
			isa = PBXContainerItemProxy;
			containerPortal = 244D37332B44DAC3BC5069E2 /* Project object */;
			proxyType = 1;
			remoteGlobalIDString = 0B519B15019015B96F25DAD5;
			remoteInfo = ReadRise;
		};
/* End PBXContainerItemProxy section */

/* Begin PBXFileReference section */
		057B4950B0DE28BB83DB41E2 /* BookSearchView.swift */ = {isa = PBXFileReference; lastKnownFileType = sourcecode.swift; path = BookSearchView.swift; sourceTree = "<group>"; };
		071475598D8942BBB64D634A /* ProfileView.swift */ = {isa = PBXFileReference; lastKnownFileType = sourcecode.swift; path = ProfileView.swift; sourceTree = "<group>"; };
		0FE933079EBBDCC0B2166476 /* AuthView.swift */ = {isa = PBXFileReference; lastKnownFileType = sourcecode.swift; path = AuthView.swift; sourceTree = "<group>"; };
		118671960697B6C86BB4F40F /* ReadRiseTests.xctest */ = {isa = PBXFileReference; explicitFileType = wrapper.cfbundle; includeInIndex = 0; path = ReadRiseTests.xctest; sourceTree = BUILT_PRODUCTS_DIR; };
		13D46C01007A77F7F4438293 /* MainTabView.swift */ = {isa = PBXFileReference; lastKnownFileType = sourcecode.swift; path = MainTabView.swift; sourceTree = "<group>"; };
		1AE41FE7FF7F846AD888C7C5 /* Assets.xcassets */ = {isa = PBXFileReference; lastKnownFileType = folder.assetcatalog; path = Assets.xcassets; sourceTree = "<group>"; };
		252E059B0D6FA73640859381 /* GoalsView.swift */ = {isa = PBXFileReference; lastKnownFileType = sourcecode.swift; path = GoalsView.swift; sourceTree = "<group>"; };
		274262772F53A2C500C9E192 /* ReadRise.xctestplan */ = {isa = PBXFileReference; lastKnownFileType = file; path = ReadRise.xctestplan; sourceTree = "<group>"; };
		27BB52D42D13C26EA2652FCA /* Models.swift */ = {isa = PBXFileReference; lastKnownFileType = sourcecode.swift; path = Models.swift; sourceTree = "<group>"; };
		315DC34E27F6D16515685384 /* BookDetailView.swift */ = {isa = PBXFileReference; lastKnownFileType = sourcecode.swift; path = BookDetailView.swift; sourceTree = "<group>"; };
		3F780BC237AA1DCB780E7D62 /* BarcodeScanView.swift */ = {isa = PBXFileReference; lastKnownFileType = sourcecode.swift; path = BarcodeScanView.swift; sourceTree = "<group>"; };
		4B135C339127F2318D266C7D /* BookSearchViewModel.swift */ = {isa = PBXFileReference; lastKnownFileType = sourcecode.swift; path = BookSearchViewModel.swift; sourceTree = "<group>"; };
		4F278722EE03C1A58BC2E7CE /* APIClient.swift */ = {isa = PBXFileReference; lastKnownFileType = sourcecode.swift; path = APIClient.swift; sourceTree = "<group>"; };
		5248FE0D1876483545E57B19 /* TimerService.swift */ = {isa = PBXFileReference; lastKnownFileType = sourcecode.swift; path = TimerService.swift; sourceTree = "<group>"; };
		541C8B4C4B64BECBF8DF75FF /* RootView.swift */ = {isa = PBXFileReference; lastKnownFileType = sourcecode.swift; path = RootView.swift; sourceTree = "<group>"; };
		5A9C7F059306819FF758E599 /* ReadRise.entitlements */ = {isa = PBXFileReference; lastKnownFileType = text.plist.entitlements; path = ReadRise.entitlements; sourceTree = "<group>"; };
		62E0C93DE9392F0F73F9EC7A /* ReadRise.app */ = {isa = PBXFileReference; explicitFileType = wrapper.application; includeInIndex = 0; path = ReadRise.app; sourceTree = BUILT_PRODUCTS_DIR; };
		6D1FDF1185ED2A10EB0FF8E8 /* Environment.swift */ = {isa = PBXFileReference; lastKnownFileType = sourcecode.swift; path = Environment.swift; sourceTree = "<group>"; };
		7263B4175FF2E3C2CA5A1B69 /* ReadRiseTests.swift */ = {isa = PBXFileReference; lastKnownFileType = sourcecode.swift; path = ReadRiseTests.swift; sourceTree = "<group>"; };
		8BF91A600AC933C92DEDEEF1 /* AuthService.swift */ = {isa = PBXFileReference; lastKnownFileType = sourcecode.swift; path = AuthService.swift; sourceTree = "<group>"; };
		A36401AEE9324FC3215F181E /* GoalsViewModel.swift */ = {isa = PBXFileReference; lastKnownFileType = sourcecode.swift; path = GoalsViewModel.swift; sourceTree = "<group>"; };
		A67ED065A09DA3AD1FF07437 /* DashboardView.swift */ = {isa = PBXFileReference; lastKnownFileType = sourcecode.swift; path = DashboardView.swift; sourceTree = "<group>"; };
		BB9B1C2D3E4F5A6B7C8D9E0F /* NetworkMonitor.swift */ = {isa = PBXFileReference; lastKnownFileType = sourcecode.swift; path = NetworkMonitor.swift; sourceTree = "<group>"; };
		BC1234567890ABCDEF012345 /* AppCache.swift */ = {isa = PBXFileReference; lastKnownFileType = sourcecode.swift; path = AppCache.swift; sourceTree = "<group>"; };
		C6F551276552734A28EBBE5C /* LibraryViewModel.swift */ = {isa = PBXFileReference; lastKnownFileType = sourcecode.swift; path = LibraryViewModel.swift; sourceTree = "<group>"; };
		D6C5C3FA25EA2B3F5A276633 /* DashboardViewModel.swift */ = {isa = PBXFileReference; lastKnownFileType = sourcecode.swift; path = DashboardViewModel.swift; sourceTree = "<group>"; };
		E356E729B7D6437B838A1468 /* Color+Hex.swift */ = {isa = PBXFileReference; lastKnownFileType = sourcecode.swift; path = "Color+Hex.swift"; sourceTree = "<group>"; };
		EE9A1B2C3E4F5A6B7C8D9E0F /* SplashView.swift */ = {isa = PBXFileReference; lastKnownFileType = sourcecode.swift; path = SplashView.swift; sourceTree = "<group>"; };
		F10000000000000000000001 /* MockURLProtocol.swift */ = {isa = PBXFileReference; lastKnownFileType = sourcecode.swift; path = MockURLProtocol.swift; sourceTree = "<group>"; };
		F10000000000000000000002 /* stats.json */ = {isa = PBXFileReference; lastKnownFileType = text.json; path = stats.json; sourceTree = "<group>"; };
		F10000000000000000000003 /* library.json */ = {isa = PBXFileReference; lastKnownFileType = text.json; path = library.json; sourceTree = "<group>"; };
		F10000000000000000000004 /* goals.json */ = {isa = PBXFileReference; lastKnownFileType = text.json; path = goals.json; sourceTree = "<group>"; };
		F10000000000000000000005 /* goal_created.json */ = {isa = PBXFileReference; lastKnownFileType = text.json; path = goal_created.json; sourceTree = "<group>"; };
		F10000000000000000000006 /* sessions.json */ = {isa = PBXFileReference; lastKnownFileType = text.json; path = sessions.json; sourceTree = "<group>"; };
		F10000000000000000000007 /* session_created.json */ = {isa = PBXFileReference; lastKnownFileType = text.json; path = session_created.json; sourceTree = "<group>"; };
		F10000000000000000000008 /* session_ended.json */ = {isa = PBXFileReference; lastKnownFileType = text.json; path = session_ended.json; sourceTree = "<group>"; };
		F10000000000000000000009 /* progress.json */ = {isa = PBXFileReference; lastKnownFileType = text.json; path = progress.json; sourceTree = "<group>"; };
		F1000000000000000000000A /* progress_entry.json */ = {isa = PBXFileReference; lastKnownFileType = text.json; path = progress_entry.json; sourceTree = "<group>"; };
		F1000000000000000000000B /* review.json */ = {isa = PBXFileReference; lastKnownFileType = text.json; path = review.json; sourceTree = "<group>"; };
		F1000000000000000000000C /* add_book_response.json */ = {isa = PBXFileReference; lastKnownFileType = text.json; path = add_book_response.json; sourceTree = "<group>"; };
		F1000000000000000000000D /* search_results.json */ = {isa = PBXFileReference; lastKnownFileType = text.json; path = search_results.json; sourceTree = "<group>"; };
		F1000000000000000000000E /* user_profile.json */ = {isa = PBXFileReference; lastKnownFileType = text.json; path = user_profile.json; sourceTree = "<group>"; };
		F20000000000000000000001 /* BaseUITest.swift */ = {isa = PBXFileReference; lastKnownFileType = sourcecode.swift; path = BaseUITest.swift; sourceTree = "<group>"; };
		F20000000000000000000002 /* AuthUITests.swift */ = {isa = PBXFileReference; lastKnownFileType = sourcecode.swift; path = AuthUITests.swift; sourceTree = "<group>"; };
		F20000000000000000000003 /* DashboardUITests.swift */ = {isa = PBXFileReference; lastKnownFileType = sourcecode.swift; path = DashboardUITests.swift; sourceTree = "<group>"; };
		F20000000000000000000004 /* LibraryUITests.swift */ = {isa = PBXFileReference; lastKnownFileType = sourcecode.swift; path = LibraryUITests.swift; sourceTree = "<group>"; };
		F20000000000000000000005 /* BookDetailUITests.swift */ = {isa = PBXFileReference; lastKnownFileType = sourcecode.swift; path = BookDetailUITests.swift; sourceTree = "<group>"; };
		F20000000000000000000006 /* GoalsUITests.swift */ = {isa = PBXFileReference; lastKnownFileType = sourcecode.swift; path = GoalsUITests.swift; sourceTree = "<group>"; };
		F20000000000000000000007 /* ProfileUITests.swift */ = {isa = PBXFileReference; lastKnownFileType = sourcecode.swift; path = ProfileUITests.swift; sourceTree = "<group>"; };
		F20000000000000000000008 /* ReadRiseUITests.xctest */ = {isa = PBXFileReference; explicitFileType = wrapper.cfbundle; includeInIndex = 0; path = ReadRiseUITests.xctest; sourceTree = BUILT_PRODUCTS_DIR; };
		F46F53A347587387BD9FB014 /* ReadRiseApp.swift */ = {isa = PBXFileReference; lastKnownFileType = sourcecode.swift; path = ReadRiseApp.swift; sourceTree = "<group>"; };
		F76EC5196782CA8BE5320EB2 /* LibraryView.swift */ = {isa = PBXFileReference; lastKnownFileType = sourcecode.swift; path = LibraryView.swift; sourceTree = "<group>"; };
		FF28F448473C971C77BEA204 /* BookDetailViewModel.swift */ = {isa = PBXFileReference; lastKnownFileType = sourcecode.swift; path = BookDetailViewModel.swift; sourceTree = "<group>"; };
/* End PBXFileReference section */

/* Begin PBXFrameworksBuildPhase section */
		C7330EA168982F3EF94ACF2D /* Frameworks */ = {
			isa = PBXFrameworksBuildPhase;
			buildActionMask = 2147483647;
			files = (
				A389B1213531B3172E32FBC5 /* Supabase in Frameworks */,
				FF1A2B3C4D5E6F7A8B9C0D1E /* Kingfisher in Frameworks */,
			);
			runOnlyForDeploymentPostprocessing = 0;
		};
/* End PBXFrameworksBuildPhase section */

/* Begin PBXGroup section */
		00813B3619BB878B86C9403F /* Dashboard */ = {
			isa = PBXGroup;
			children = (
				A67ED065A09DA3AD1FF07437 /* DashboardView.swift */,
				D6C5C3FA25EA2B3F5A276633 /* DashboardViewModel.swift */,
			);
			path = Dashboard;
			sourceTree = "<group>";
		};
		356DB908A4B44D02123ABDF4 /* Profile */ = {
			isa = PBXGroup;
			children = (
				071475598D8942BBB64D634A /* ProfileView.swift */,
			);
			path = Profile;
			sourceTree = "<group>";
		};
		462AC86B7E2852FC6E4E0DB4 /* Auth */ = {
			isa = PBXGroup;
			children = (
				0FE933079EBBDCC0B2166476 /* AuthView.swift */,
			);
			path = Auth;
			sourceTree = "<group>";
		};
		527A49D18DC1A4BDBECAF07A /* Main */ = {
			isa = PBXGroup;
			children = (
				13D46C01007A77F7F4438293 /* MainTabView.swift */,
			);
			path = Main;
			sourceTree = "<group>";
		};
		53571CDD217D7A688E06939D /* ReadRise */ = {
			isa = PBXGroup;
			children = (
				6D1FDF1185ED2A10EB0FF8E8 /* Environment.swift */,
				80A382D2CBC760F7AB0C5ADC /* App */,
				6E0157EF897D46B2B04177F9 /* Extensions */,
				72A7ED1300AAC7DAFB763983 /* Features */,
				CD84E9944A48ADC0FBC074A4 /* Models */,
				9992648F8516523011B68159 /* Resources */,
				F593F5C2266E791AD82A8147 /* Services */,
				G10000000000000000000001 /* Testing */,
			);
			path = ReadRise;
			sourceTree = "<group>";
		};
		6E0157EF897D46B2B04177F9 /* Extensions */ = {
			isa = PBXGroup;
			children = (
				E356E729B7D6437B838A1468 /* Color+Hex.swift */,
			);
			path = Extensions;
			sourceTree = "<group>";
		};
		72A7ED1300AAC7DAFB763983 /* Features */ = {
			isa = PBXGroup;
			children = (
				462AC86B7E2852FC6E4E0DB4 /* Auth */,
				73A2EF34724FA1FF08404049 /* BookDetail */,
				00813B3619BB878B86C9403F /* Dashboard */,
				94A010F9BC4B106880862405 /* Goals */,
				F47498C32BCE08FC82F8AC99 /* Library */,
				527A49D18DC1A4BDBECAF07A /* Main */,
				356DB908A4B44D02123ABDF4 /* Profile */,
			);
			path = Features;
			sourceTree = "<group>";
		};
		73A2EF34724FA1FF08404049 /* BookDetail */ = {
			isa = PBXGroup;
			children = (
				315DC34E27F6D16515685384 /* BookDetailView.swift */,
				FF28F448473C971C77BEA204 /* BookDetailViewModel.swift */,
			);
			path = BookDetail;
			sourceTree = "<group>";
		};
		80A382D2CBC760F7AB0C5ADC /* App */ = {
			isa = PBXGroup;
			children = (
				F46F53A347587387BD9FB014 /* ReadRiseApp.swift */,
				541C8B4C4B64BECBF8DF75FF /* RootView.swift */,
				EE9A1B2C3E4F5A6B7C8D9E0F /* SplashView.swift */,
			);
			path = App;
			sourceTree = "<group>";
		};
		94A010F9BC4B106880862405 /* Goals */ = {
			isa = PBXGroup;
			children = (
				252E059B0D6FA73640859381 /* GoalsView.swift */,
				A36401AEE9324FC3215F181E /* GoalsViewModel.swift */,
			);
			path = Goals;
			sourceTree = "<group>";
		};
		9992648F8516523011B68159 /* Resources */ = {
			isa = PBXGroup;
			children = (
				1AE41FE7FF7F846AD888C7C5 /* Assets.xcassets */,
				5A9C7F059306819FF758E599 /* ReadRise.entitlements */,
			);
			path = Resources;
			sourceTree = "<group>";
		};
		A11F2DDE0638860265FF4589 = {
			isa = PBXGroup;
			children = (
				274262772F53A2C500C9E192 /* ReadRise.xctestplan */,
				53571CDD217D7A688E06939D /* ReadRise */,
				E6321104B50727A91BABFED6 /* ReadRiseTests */,
				G10000000000000000000003 /* ReadRiseUITests */,
				E55258B4E6EFC1528A13A757 /* Products */,
			);
			sourceTree = "<group>";
		};
		CD84E9944A48ADC0FBC074A4 /* Models */ = {
			isa = PBXGroup;
			children = (
				27BB52D42D13C26EA2652FCA /* Models.swift */,
			);
			path = Models;
			sourceTree = "<group>";
		};
		E55258B4E6EFC1528A13A757 /* Products */ = {
			isa = PBXGroup;
			children = (
				62E0C93DE9392F0F73F9EC7A /* ReadRise.app */,
				118671960697B6C86BB4F40F /* ReadRiseTests.xctest */,
				F20000000000000000000008 /* ReadRiseUITests.xctest */,
			);
			name = Products;
			sourceTree = "<group>";
		};
		E6321104B50727A91BABFED6 /* ReadRiseTests */ = {
			isa = PBXGroup;
			children = (
				7263B4175FF2E3C2CA5A1B69 /* ReadRiseTests.swift */,
			);
			path = ReadRiseTests;
			sourceTree = "<group>";
		};
		F47498C32BCE08FC82F8AC99 /* Library */ = {
			isa = PBXGroup;
			children = (
				3F780BC237AA1DCB780E7D62 /* BarcodeScanView.swift */,
				057B4950B0DE28BB83DB41E2 /* BookSearchView.swift */,
				4B135C339127F2318D266C7D /* BookSearchViewModel.swift */,
				F76EC5196782CA8BE5320EB2 /* LibraryView.swift */,
				C6F551276552734A28EBBE5C /* LibraryViewModel.swift */,
			);
			path = Library;
			sourceTree = "<group>";
		};
		F593F5C2266E791AD82A8147 /* Services */ = {
			isa = PBXGroup;
			children = (
				4F278722EE03C1A58BC2E7CE /* APIClient.swift */,
				BC1234567890ABCDEF012345 /* AppCache.swift */,
				8BF91A600AC933C92DEDEEF1 /* AuthService.swift */,
				BB9B1C2D3E4F5A6B7C8D9E0F /* NetworkMonitor.swift */,
				5248FE0D1876483545E57B19 /* TimerService.swift */,
			);
			path = Services;
			sourceTree = "<group>";
		};
		G10000000000000000000001 /* Testing */ = {
			isa = PBXGroup;
			children = (
				F10000000000000000000001 /* MockURLProtocol.swift */,
				G10000000000000000000002 /* Fixtures */,
			);
			path = Testing;
			sourceTree = "<group>";
		};
		G10000000000000000000002 /* Fixtures */ = {
			isa = PBXGroup;
			children = (
				F10000000000000000000002 /* stats.json */,
				F10000000000000000000003 /* library.json */,
				F10000000000000000000004 /* goals.json */,
				F10000000000000000000005 /* goal_created.json */,
				F10000000000000000000006 /* sessions.json */,
				F10000000000000000000007 /* session_created.json */,
				F10000000000000000000008 /* session_ended.json */,
				F10000000000000000000009 /* progress.json */,
				F1000000000000000000000A /* progress_entry.json */,
				F1000000000000000000000B /* review.json */,
				F1000000000000000000000C /* add_book_response.json */,
				F1000000000000000000000D /* search_results.json */,
				F1000000000000000000000E /* user_profile.json */,
			);
			path = Fixtures;
			sourceTree = "<group>";
		};
		G10000000000000000000003 /* ReadRiseUITests */ = {
			isa = PBXGroup;
			children = (
				G10000000000000000000004 /* Infrastructure */,
				G10000000000000000000005 /* Tests */,
			);
			path = ReadRiseUITests;
			sourceTree = "<group>";
		};
		G10000000000000000000004 /* Infrastructure */ = {
			isa = PBXGroup;
			children = (
				F20000000000000000000001 /* BaseUITest.swift */,
			);
			path = Infrastructure;
			sourceTree = "<group>";
		};
		G10000000000000000000005 /* Tests */ = {
			isa = PBXGroup;
			children = (
				F20000000000000000000002 /* AuthUITests.swift */,
				F20000000000000000000003 /* DashboardUITests.swift */,
				F20000000000000000000004 /* LibraryUITests.swift */,
				F20000000000000000000005 /* BookDetailUITests.swift */,
				F20000000000000000000006 /* GoalsUITests.swift */,
				F20000000000000000000007 /* ProfileUITests.swift */,
			);
			path = Tests;
			sourceTree = "<group>";
		};
/* End PBXGroup section */

/* Begin PBXNativeTarget section */
		0B519B15019015B96F25DAD5 /* ReadRise */ = {
			isa = PBXNativeTarget;
			buildConfigurationList = F0F96C63D71C825C10E93D0A /* Build configuration list for PBXNativeTarget "ReadRise" */;
			buildPhases = (
				E912EDD0F4F5163265277694 /* Sources */,
				AF75D63E97434FCE4D9AC830 /* Resources */,
				C7330EA168982F3EF94ACF2D /* Frameworks */,
			);
			buildRules = (
			);
			dependencies = (
			);
			name = ReadRise;
			packageProductDependencies = (
				96410145F170529EE8DDFC51 /* Supabase */,
				FF2A2B3C4D5E6F7A8B9C0D1E /* Kingfisher */,
			);
			productName = ReadRise;
			productReference = 62E0C93DE9392F0F73F9EC7A /* ReadRise.app */;
			productType = "com.apple.product-type.application";
		};
		5540814AFCA6A6B1064F02B3 /* ReadRiseTests */ = {
			isa = PBXNativeTarget;
			buildConfigurationList = 57DDA13E94D8EF9C2DA1D83A /* Build configuration list for PBXNativeTarget "ReadRiseTests" */;
			buildPhases = (
				2B631CCF99331EE408169EB9 /* Sources */,
			);
			buildRules = (
			);
			dependencies = (
				1130B684D1418E86066AA007 /* PBXTargetDependency */,
			);
			name = ReadRiseTests;
			packageProductDependencies = (
			);
			productName = ReadRiseTests;
			productReference = 118671960697B6C86BB4F40F /* ReadRiseTests.xctest */;
			productType = "com.apple.product-type.bundle.unit-test";
		};
		T10000000000000000000001 /* ReadRiseUITests */ = {
			isa = PBXNativeTarget;
			buildConfigurationList = T10000000000000000000007 /* Build configuration list for PBXNativeTarget "ReadRiseUITests" */;
			buildPhases = (
				T10000000000000000000002 /* Sources */,
			);
			buildRules = (
			);
			dependencies = (
				T10000000000000000000004 /* PBXTargetDependency */,
			);
			name = ReadRiseUITests;
			packageProductDependencies = (
			);
			productName = ReadRiseUITests;
			productReference = F20000000000000000000008 /* ReadRiseUITests.xctest */;
			productType = "com.apple.product-type.bundle.ui-testing";
		};
/* End PBXNativeTarget section */

/* Begin PBXProject section */
		244D37332B44DAC3BC5069E2 /* Project object */ = {
			isa = PBXProject;
			attributes = {
				BuildIndependentTargetsInParallel = YES;
				LastUpgradeCheck = 2620;
				TargetAttributes = {
					T10000000000000000000001 = {
						TestTargetID = 0B519B15019015B96F25DAD5;
					};
				};
			};
			buildConfigurationList = 6BE600D68F6325151276F61A /* Build configuration list for PBXProject "ReadRise" */;
			compatibilityVersion = "Xcode 14.0";
			developmentRegion = en;
			hasScannedForEncodings = 0;
			knownRegions = (
				Base,
				en,
			);
			mainGroup = A11F2DDE0638860265FF4589;
			minimizedProjectReferenceProxies = 1;
			packageReferences = (
				F1D65520062EE1A5E3508A7B /* XCRemoteSwiftPackageReference "supabase-swift" */,
				FF3A2B3C4D5E6F7A8B9C0D1E /* XCRemoteSwiftPackageReference "Kingfisher" */,
			);
			projectDirPath = "";
			projectRoot = "";
			targets = (
				0B519B15019015B96F25DAD5 /* ReadRise */,
				5540814AFCA6A6B1064F02B3 /* ReadRiseTests */,
				T10000000000000000000001 /* ReadRiseUITests */,
			);
		};
/* End PBXProject section */

/* Begin PBXResourcesBuildPhase section */
		AF75D63E97434FCE4D9AC830 /* Resources */ = {
			isa = PBXResourcesBuildPhase;
			buildActionMask = 2147483647;
			files = (
				771E2EABC5803A8560B56674 /* Assets.xcassets in Resources */,
				B10000000000000000000002 /* stats.json in Resources */,
				B10000000000000000000003 /* library.json in Resources */,
				B10000000000000000000004 /* goals.json in Resources */,
				B10000000000000000000005 /* goal_created.json in Resources */,
				B10000000000000000000006 /* sessions.json in Resources */,
				B10000000000000000000007 /* session_created.json in Resources */,
				B10000000000000000000008 /* session_ended.json in Resources */,
				B10000000000000000000009 /* progress.json in Resources */,
				B1000000000000000000000A /* progress_entry.json in Resources */,
				B1000000000000000000000B /* review.json in Resources */,
				B1000000000000000000000C /* add_book_response.json in Resources */,
				B1000000000000000000000D /* search_results.json in Resources */,
				B1000000000000000000000E /* user_profile.json in Resources */,
			);
			runOnlyForDeploymentPostprocessing = 0;
		};
/* End PBXResourcesBuildPhase section */

/* Begin PBXSourcesBuildPhase section */
		2B631CCF99331EE408169EB9 /* Sources */ = {
			isa = PBXSourcesBuildPhase;
			buildActionMask = 2147483647;
			files = (
				134CF78CF2E9C16B957897CB /* ReadRiseTests.swift in Sources */,
			);
			runOnlyForDeploymentPostprocessing = 0;
		};
		E912EDD0F4F5163265277694 /* Sources */ = {
			isa = PBXSourcesBuildPhase;
			buildActionMask = 2147483647;
			files = (
				0D354572EC1596F8274EC250 /* APIClient.swift in Sources */,
				AC1234567890ABCDEF012345 /* AppCache.swift in Sources */,
				AA9B1C2D3E4F5A6B7C8D9E0F /* NetworkMonitor.swift in Sources */,
				786356E622C65A89825FA42A /* AuthService.swift in Sources */,
				0E5CBAEAF8911CA7EFE00BC2 /* AuthView.swift in Sources */,
				F4735B4DAF612E1C02D6FBC0 /* BarcodeScanView.swift in Sources */,
				CC938CD8693C029E6B2F94D6 /* BookDetailView.swift in Sources */,
				73BDDEB559EB8454E13AA997 /* BookDetailViewModel.swift in Sources */,
				C58E09B4594FCF81774D3FE8 /* BookSearchView.swift in Sources */,
				141FAAA7C80BADC27585F2EB /* BookSearchViewModel.swift in Sources */,
				C58A8D80E78BAFCF7A08EF78 /* DashboardView.swift in Sources */,
				FE22EF8CFAA2CB2177CA347A /* DashboardViewModel.swift in Sources */,
				755099EFE2EC983E0C68B2B5 /* Environment.swift in Sources */,
				CFEA13373EC3D6BF3242CD36 /* GoalsView.swift in Sources */,
				2DFA0F5D5F128F65B249EACF /* GoalsViewModel.swift in Sources */,
				FCB50471D30088A76ED8AC88 /* LibraryView.swift in Sources */,
				08D424AB6D10A7D0FFC84298 /* LibraryViewModel.swift in Sources */,
				EF1D169B80F793985D6C7BD1 /* MainTabView.swift in Sources */,
				F4DE243330926D3ECB733D45 /* Models.swift in Sources */,
				79C12F70F76401F48F6D067C /* ProfileView.swift in Sources */,
				57FB6BE5BBD56E06C4FC1EE1 /* ReadRiseApp.swift in Sources */,
				8DE210DED156426546D4C9CA /* RootView.swift in Sources */,
				DD9A1B2C3E4F5A6B7C8D9E0F /* SplashView.swift in Sources */,
				3C09D195853580B5FF6A710D /* TimerService.swift in Sources */,
				83039ABBAAFA4132999BA7FB /* Color+Hex.swift in Sources */,
				B10000000000000000000001 /* MockURLProtocol.swift in Sources */,
			);
			runOnlyForDeploymentPostprocessing = 0;
		};
		T10000000000000000000002 /* Sources */ = {
			isa = PBXSourcesBuildPhase;
			buildActionMask = 2147483647;
			files = (
				B20000000000000000000001 /* BaseUITest.swift in Sources */,
				B20000000000000000000002 /* AuthUITests.swift in Sources */,
				B20000000000000000000003 /* DashboardUITests.swift in Sources */,
				B20000000000000000000004 /* LibraryUITests.swift in Sources */,
				B20000000000000000000005 /* BookDetailUITests.swift in Sources */,
				B20000000000000000000006 /* GoalsUITests.swift in Sources */,
				B20000000000000000000007 /* ProfileUITests.swift in Sources */,
			);
			runOnlyForDeploymentPostprocessing = 0;
		};
/* End PBXSourcesBuildPhase section */

/* Begin PBXTargetDependency section */
		1130B684D1418E86066AA007 /* PBXTargetDependency */ = {
			isa = PBXTargetDependency;
			target = 0B519B15019015B96F25DAD5 /* ReadRise */;
			targetProxy = D8DF0B18A22516D82EED955C /* PBXContainerItemProxy */;
		};
		T10000000000000000000004 /* PBXTargetDependency */ = {
			isa = PBXTargetDependency;
			target = 0B519B15019015B96F25DAD5 /* ReadRise */;
			targetProxy = T10000000000000000000003 /* PBXContainerItemProxy */;
		};
/* End PBXTargetDependency section */

/* Begin XCBuildConfiguration section */
		2097776BAABEE418B6F0769F /* Debug */ = {
			isa = XCBuildConfiguration;
			buildSettings = {
				ASSETCATALOG_COMPILER_APPICON_NAME = AppIcon;
				CODE_SIGN_ENTITLEMENTS = ReadRise/Resources/ReadRise.entitlements;
				CODE_SIGN_IDENTITY = "iPhone Developer";
				DEVELOPMENT_TEAM = U8PPEW6FJ6;
				INFOPLIST_FILE = ReadRise/Resources/Info.plist;
				LD_RUNPATH_SEARCH_PATHS = (
					"$(inherited)",
					"@executable_path/Frameworks",
				);
				PRODUCT_BUNDLE_IDENTIFIER = com.readrise.app;
				SDKROOT = iphoneos;
				TARGETED_DEVICE_FAMILY = "1,2";
			};
			name = Debug;
		};
		328E8E4420D2FD63BAAF031C /* Debug */ = {
			isa = XCBuildConfiguration;
			buildSettings = {
				ALWAYS_SEARCH_USER_PATHS = NO;
				CLANG_ANALYZER_NONNULL = YES;
				CLANG_ANALYZER_NUMBER_OBJECT_CONVERSION = YES_AGGRESSIVE;
				CLANG_CXX_LANGUAGE_STANDARD = "gnu++14";
				CLANG_CXX_LIBRARY = "libc++";
				CLANG_ENABLE_MODULES = YES;
				CLANG_ENABLE_OBJC_ARC = YES;
				CLANG_ENABLE_OBJC_WEAK = YES;
				CLANG_WARN_BLOCK_CAPTURE_AUTORELEASING = YES;
				CLANG_WARN_BOOL_CONVERSION = YES;
				CLANG_WARN_COMMA = YES;
				CLANG_WARN_CONSTANT_CONVERSION = YES;
				CLANG_WARN_DEPRECATED_OBJC_IMPLEMENTATIONS = YES;
				CLANG_WARN_DIRECT_OBJC_ISA_USAGE = YES_ERROR;
				CLANG_WARN_DOCUMENTATION_COMMENTS = YES;
				CLANG_WARN_EMPTY_BODY = YES;
				CLANG_WARN_ENUM_CONVERSION = YES;
				CLANG_WARN_INFINITE_RECURSION = YES;
				CLANG_WARN_INT_CONVERSION = YES;
				CLANG_WARN_NON_LITERAL_NULL_CONVERSION = YES;
				CLANG_WARN_OBJC_IMPLICIT_RETAIN_SELF = YES;
				CLANG_WARN_OBJC_LITERAL_CONVERSION = YES;
				CLANG_WARN_OBJC_ROOT_CLASS = YES_ERROR;
				CLANG_WARN_QUOTED_INCLUDE_IN_FRAMEWORK_HEADER = YES;
				CLANG_WARN_RANGE_LOOP_ANALYSIS = YES;
				CLANG_WARN_STRICT_PROTOTYPES = YES;
				CLANG_WARN_SUSPICIOUS_MOVE = YES;
				CLANG_WARN_UNGUARDED_AVAILABILITY = YES_AGGRESSIVE;
				CLANG_WARN_UNREACHABLE_CODE = YES;
				CLANG_WARN__DUPLICATE_METHOD_MATCH = YES;
				COPY_PHASE_STRIP = NO;
				CURRENT_PROJECT_VERSION = 1;
				DEBUG_INFORMATION_FORMAT = dwarf;
				ENABLE_HARDENED_RUNTIME = YES;
				ENABLE_STRICT_OBJC_MSGSEND = YES;
				ENABLE_TESTABILITY = YES;
				ENABLE_USER_SCRIPT_SANDBOXING = YES;
				GCC_C_LANGUAGE_STANDARD = gnu11;
				GCC_DYNAMIC_NO_PIC = NO;
				GCC_NO_COMMON_BLOCKS = YES;
				GCC_OPTIMIZATION_LEVEL = 0;
				GCC_PREPROCESSOR_DEFINITIONS = (
					"$(inherited)",
					"DEBUG=1",
				);
				GCC_WARN_64_TO_32_BIT_CONVERSION = YES;
				GCC_WARN_ABOUT_RETURN_TYPE = YES_ERROR;
				GCC_WARN_UNDECLARED_SELECTOR = YES;
				GCC_WARN_UNINITIALIZED_AUTOS = YES_AGGRESSIVE;
				GCC_WARN_UNUSED_FUNCTION = YES;
				GCC_WARN_UNUSED_VARIABLE = YES;
				IPHONEOS_DEPLOYMENT_TARGET = 17.0;
				MARKETING_VERSION = 1.0.0;
				MTL_ENABLE_DEBUG_INFO = INCLUDE_SOURCE;
				MTL_FAST_MATH = YES;
				ONLY_ACTIVE_ARCH = YES;
				PRODUCT_NAME = "$(TARGET_NAME)";
				SDKROOT = iphoneos;
				STRING_CATALOG_GENERATE_SYMBOLS = YES;
				SWIFT_ACTIVE_COMPILATION_CONDITIONS = DEBUG;
				SWIFT_OPTIMIZATION_LEVEL = "-Onone";
				SWIFT_VERSION = 6.0;
			};
			name = Debug;
		};
		329E8E27E5E53130760EEEC7 /* Release */ = {
			isa = XCBuildConfiguration;
			buildSettings = {
				ASSETCATALOG_COMPILER_APPICON_NAME = AppIcon;
				CODE_SIGN_ENTITLEMENTS = ReadRise/Resources/ReadRise.entitlements;
				CODE_SIGN_IDENTITY = "iPhone Developer";
				DEVELOPMENT_TEAM = U8PPEW6FJ6;
				INFOPLIST_FILE = ReadRise/Resources/Info.plist;
				LD_RUNPATH_SEARCH_PATHS = (
					"$(inherited)",
					"@executable_path/Frameworks",
				);
				PRODUCT_BUNDLE_IDENTIFIER = com.readrise.app;
				SDKROOT = iphoneos;
				TARGETED_DEVICE_FAMILY = "1,2";
			};
			name = Release;
		};
		5C8BCF3B569078B0C4E1A404 /* Debug */ = {
			isa = XCBuildConfiguration;
			buildSettings = {
				BUNDLE_LOADER = "$(TEST_HOST)";
				DEVELOPMENT_TEAM = U8PPEW6FJ6;
				GENERATE_INFOPLIST_FILE = YES;
				LD_RUNPATH_SEARCH_PATHS = (
					"$(inherited)",
					"@executable_path/Frameworks",
					"@loader_path/Frameworks",
				);
				PRODUCT_BUNDLE_IDENTIFIER = com.readrise.app.tests;
				SDKROOT = iphoneos;
				TARGETED_DEVICE_FAMILY = "1,2";
				TEST_HOST = "$(BUILT_PRODUCTS_DIR)/ReadRise.app/ReadRise";
			};
			name = Debug;
		};
		C042071687B67B3F2DCE6E30 /* Release */ = {
			isa = XCBuildConfiguration;
			buildSettings = {
				BUNDLE_LOADER = "$(TEST_HOST)";
				DEVELOPMENT_TEAM = U8PPEW6FJ6;
				GENERATE_INFOPLIST_FILE = YES;
				LD_RUNPATH_SEARCH_PATHS = (
					"$(inherited)",
					"@executable_path/Frameworks",
					"@loader_path/Frameworks",
				);
				PRODUCT_BUNDLE_IDENTIFIER = com.readrise.app.tests;
				SDKROOT = iphoneos;
				TARGETED_DEVICE_FAMILY = "1,2";
				TEST_HOST = "$(BUILT_PRODUCTS_DIR)/ReadRise.app/ReadRise";
			};
			name = Release;
		};
		EA7385CE452D091A85DBD0E7 /* Release */ = {
			isa = XCBuildConfiguration;
			buildSettings = {
				ALWAYS_SEARCH_USER_PATHS = NO;
				CLANG_ANALYZER_NONNULL = YES;
				CLANG_ANALYZER_NUMBER_OBJECT_CONVERSION = YES_AGGRESSIVE;
				CLANG_CXX_LANGUAGE_STANDARD = "gnu++14";
				CLANG_CXX_LIBRARY = "libc++";
				CLANG_ENABLE_MODULES = YES;
				CLANG_ENABLE_OBJC_ARC = YES;
				CLANG_ENABLE_OBJC_WEAK = YES;
				CLANG_WARN_BLOCK_CAPTURE_AUTORELEASING = YES;
				CLANG_WARN_BOOL_CONVERSION = YES;
				CLANG_WARN_COMMA = YES;
				CLANG_WARN_CONSTANT_CONVERSION = YES;
				CLANG_WARN_DEPRECATED_OBJC_IMPLEMENTATIONS = YES;
				CLANG_WARN_DIRECT_OBJC_ISA_USAGE = YES_ERROR;
				CLANG_WARN_DOCUMENTATION_COMMENTS = YES;
				CLANG_WARN_EMPTY_BODY = YES;
				CLANG_WARN_ENUM_CONVERSION = YES;
				CLANG_WARN_INFINITE_RECURSION = YES;
				CLANG_WARN_INT_CONVERSION = YES;
				CLANG_WARN_NON_LITERAL_NULL_CONVERSION = YES;
				CLANG_WARN_OBJC_IMPLICIT_RETAIN_SELF = YES;
				CLANG_WARN_OBJC_LITERAL_CONVERSION = YES;
				CLANG_WARN_OBJC_ROOT_CLASS = YES_ERROR;
				CLANG_WARN_QUOTED_INCLUDE_IN_FRAMEWORK_HEADER = YES;
				CLANG_WARN_RANGE_LOOP_ANALYSIS = YES;
				CLANG_WARN_STRICT_PROTOTYPES = YES;
				CLANG_WARN_SUSPICIOUS_MOVE = YES;
				CLANG_WARN_UNGUARDED_AVAILABILITY = YES_AGGRESSIVE;
				CLANG_WARN_UNREACHABLE_CODE = YES;
				CLANG_WARN__DUPLICATE_METHOD_MATCH = YES;
				COPY_PHASE_STRIP = NO;
				CURRENT_PROJECT_VERSION = 1;
				DEBUG_INFORMATION_FORMAT = "dwarf-with-dsym";
				ENABLE_HARDENED_RUNTIME = YES;
				ENABLE_NS_ASSERTIONS = NO;
				ENABLE_STRICT_OBJC_MSGSEND = YES;
				ENABLE_USER_SCRIPT_SANDBOXING = YES;
				GCC_C_LANGUAGE_STANDARD = gnu11;
				GCC_NO_COMMON_BLOCKS = YES;
				GCC_WARN_64_TO_32_BIT_CONVERSION = YES;
				GCC_WARN_ABOUT_RETURN_TYPE = YES_ERROR;
				GCC_WARN_UNDECLARED_SELECTOR = YES;
				GCC_WARN_UNINITIALIZED_AUTOS = YES_AGGRESSIVE;
				GCC_WARN_UNUSED_FUNCTION = YES;
				GCC_WARN_UNUSED_VARIABLE = YES;
				IPHONEOS_DEPLOYMENT_TARGET = 17.0;
				MARKETING_VERSION = 1.0.0;
				MTL_ENABLE_DEBUG_INFO = NO;
				MTL_FAST_MATH = YES;
				PRODUCT_NAME = "$(TARGET_NAME)";
				SDKROOT = iphoneos;
				STRING_CATALOG_GENERATE_SYMBOLS = YES;
				SWIFT_COMPILATION_MODE = wholemodule;
				SWIFT_OPTIMIZATION_LEVEL = "-O";
				SWIFT_VERSION = 6.0;
			};
			name = Release;
		};
		T10000000000000000000005 /* Debug */ = {
			isa = XCBuildConfiguration;
			buildSettings = {
				CODE_SIGN_IDENTITY = "iPhone Developer";
				DEVELOPMENT_TEAM = U8PPEW6FJ6;
				GENERATE_INFOPLIST_FILE = YES;
				IPHONEOS_DEPLOYMENT_TARGET = 17.0;
				LD_RUNPATH_SEARCH_PATHS = (
					"$(inherited)",
					"@executable_path/Frameworks",
					"@loader_path/Frameworks",
				);
				PRODUCT_BUNDLE_IDENTIFIER = com.readrise.app.uitests;
				SDKROOT = iphoneos;
				SWIFT_VERSION = 6.0;
				TARGETED_DEVICE_FAMILY = "1,2";
				TEST_TARGET_NAME = ReadRise;
			};
			name = Debug;
		};
		T10000000000000000000006 /* Release */ = {
			isa = XCBuildConfiguration;
			buildSettings = {
				CODE_SIGN_IDENTITY = "iPhone Developer";
				DEVELOPMENT_TEAM = U8PPEW6FJ6;
				GENERATE_INFOPLIST_FILE = YES;
				IPHONEOS_DEPLOYMENT_TARGET = 17.0;
				LD_RUNPATH_SEARCH_PATHS = (
					"$(inherited)",
					"@executable_path/Frameworks",
					"@loader_path/Frameworks",
				);
				PRODUCT_BUNDLE_IDENTIFIER = com.readrise.app.uitests;
				SDKROOT = iphoneos;
				SWIFT_VERSION = 6.0;
				TARGETED_DEVICE_FAMILY = "1,2";
				TEST_TARGET_NAME = ReadRise;
			};
			name = Release;
		};
/* End XCBuildConfiguration section */

/* Begin XCConfigurationList section */
		57DDA13E94D8EF9C2DA1D83A /* Build configuration list for PBXNativeTarget "ReadRiseTests" */ = {
			isa = XCConfigurationList;
			buildConfigurations = (
				5C8BCF3B569078B0C4E1A404 /* Debug */,
				C042071687B67B3F2DCE6E30 /* Release */,
			);
			defaultConfigurationIsVisible = 0;
			defaultConfigurationName = Debug;
		};
		6BE600D68F6325151276F61A /* Build configuration list for PBXProject "ReadRise" */ = {
			isa = XCConfigurationList;
			buildConfigurations = (
				328E8E4420D2FD63BAAF031C /* Debug */,
				EA7385CE452D091A85DBD0E7 /* Release */,
			);
			defaultConfigurationIsVisible = 0;
			defaultConfigurationName = Debug;
		};
		F0F96C63D71C825C10E93D0A /* Build configuration list for PBXNativeTarget "ReadRise" */ = {
			isa = XCConfigurationList;
			buildConfigurations = (
				2097776BAABEE418B6F0769F /* Debug */,
				329E8E27E5E53130760EEEC7 /* Release */,
			);
			defaultConfigurationIsVisible = 0;
			defaultConfigurationName = Debug;
		};
		T10000000000000000000007 /* Build configuration list for PBXNativeTarget "ReadRiseUITests" */ = {
			isa = XCConfigurationList;
			buildConfigurations = (
				T10000000000000000000005 /* Debug */,
				T10000000000000000000006 /* Release */,
			);
			defaultConfigurationIsVisible = 0;
			defaultConfigurationName = Debug;
		};
/* End XCConfigurationList section */

/* Begin XCRemoteSwiftPackageReference section */
		F1D65520062EE1A5E3508A7B /* XCRemoteSwiftPackageReference "supabase-swift" */ = {
			isa = XCRemoteSwiftPackageReference;
			repositoryURL = "https://github.com/supabase/supabase-swift";
			requirement = {
				kind = upToNextMajorVersion;
				minimumVersion = 2.0.0;
			};
		};
		FF3A2B3C4D5E6F7A8B9C0D1E /* XCRemoteSwiftPackageReference "Kingfisher" */ = {
			isa = XCRemoteSwiftPackageReference;
			repositoryURL = "https://github.com/onevcat/Kingfisher";
			requirement = {
				kind = upToNextMajorVersion;
				minimumVersion = 8.0.0;
			};
		};
/* End XCRemoteSwiftPackageReference section */

/* Begin XCSwiftPackageProductDependency section */
		96410145F170529EE8DDFC51 /* Supabase */ = {
			isa = XCSwiftPackageProductDependency;
			package = F1D65520062EE1A5E3508A7B /* XCRemoteSwiftPackageReference "supabase-swift" */;
			productName = Supabase;
		};
		FF2A2B3C4D5E6F7A8B9C0D1E /* Kingfisher */ = {
			isa = XCSwiftPackageProductDependency;
			package = FF3A2B3C4D5E6F7A8B9C0D1E /* XCRemoteSwiftPackageReference "Kingfisher" */;
			productName = Kingfisher;
		};
/* End XCSwiftPackageProductDependency section */
	};
	rootObject = 244D37332B44DAC3BC5069E2 /* Project object */;
}
